// !$*UTF8*$!
{
	archiveVersion = 1;
	classes = {
	};
	objectVersion = 48;
	objects = {

/* Begin PBXBuildFile section */
		4885C8321FC4672D00E77415 /* AppDelegate.m in Sources */ = {isa = PBXBuildFile; fileRef = 4885C8311FC4672D00E77415 /* AppDelegate.m */; };
		4885C8351FC4672D00E77415 /* ViewController.m in Sources */ = {isa = PBXBuildFile; fileRef = 4885C8341FC4672D00E77415 /* ViewController.m */; };
		4885C8381FC4672D00E77415 /* Main.storyboard in Resources */ = {isa = PBXBuildFile; fileRef = 4885C8361FC4672D00E77415 /* Main.storyboard */; };
		4885C83A1FC4672D00E77415 /* Assets.xcassets in Resources */ = {isa = PBXBuildFile; fileRef = 4885C8391FC4672D00E77415 /* Assets.xcassets */; };
		4885C83D1FC4672D00E77415 /* LaunchScreen.storyboard in Resources */ = {isa = PBXBuildFile; fileRef = 4885C83B1FC4672D00E77415 /* LaunchScreen.storyboard */; };
		4885C8401FC4672D00E77415 /* main.m in Sources */ = {isa = PBXBuildFile; fileRef = 4885C83F1FC4672D00E77415 /* main.m */; };
		4885C84A1FC4672D00E77415 /* Red5ProWebViewTests.m in Sources */ = {isa = PBXBuildFile; fileRef = 4885C8491FC4672D00E77415 /* Red5ProWebViewTests.m */; };
		4885C8551FC4672D00E77415 /* Red5ProWebViewUITests.m in Sources */ = {isa = PBXBuildFile; fileRef = 4885C8541FC4672D00E77415 /* Red5ProWebViewUITests.m */; };
		4885C8861FC4701D00E77415 /* index.html in Resources */ = {isa = PBXBuildFile; fileRef = 4885C8651FC4701D00E77415 /* index.html */; };
		4885C8871FC4701D00E77415 /* CHANGES.md in Resources */ = {isa = PBXBuildFile; fileRef = 4885C8681FC4701D00E77415 /* CHANGES.md */; };
		4885C8881FC4701D00E77415 /* LICENSE in Resources */ = {isa = PBXBuildFile; fileRef = 4885C86A1FC4701D00E77415 /* LICENSE */; };
		4885C8891FC4701D00E77415 /* maximize.png in Resources */ = {isa = PBXBuildFile; fileRef = 4885C86B1FC4701D00E77415 /* maximize.png */; };
		4885C88A1FC4701D00E77415 /* maximize.svg in Resources */ = {isa = PBXBuildFile; fileRef = 4885C86C1FC4701D00E77415 /* maximize.svg */; };
		4885C88B1FC4701D00E77415 /* minimize.png in Resources */ = {isa = PBXBuildFile; fileRef = 4885C86D1FC4701D00E77415 /* minimize.png */; };
		4885C88C1FC4701D00E77415 /* minimize.svg in Resources */ = {isa = PBXBuildFile; fileRef = 4885C86E1FC4701D00E77415 /* minimize.svg */; };
		4885C88D1FC4701D00E77415 /* pause.png in Resources */ = {isa = PBXBuildFile; fileRef = 4885C86F1FC4701D00E77415 /* pause.png */; };
		4885C88E1FC4701D00E77415 /* pause.svg in Resources */ = {isa = PBXBuildFile; fileRef = 4885C8701FC4701D00E77415 /* pause.svg */; };
		4885C88F1FC4701D00E77415 /* play.png in Resources */ = {isa = PBXBuildFile; fileRef = 4885C8711FC4701D00E77415 /* play.png */; };
		4885C8901FC4701D00E77415 /* play.svg in Resources */ = {isa = PBXBuildFile; fileRef = 4885C8721FC4701D00E77415 /* play.svg */; };
		4885C8911FC4701D00E77415 /* volume-2.png in Resources */ = {isa = PBXBuildFile; fileRef = 4885C8731FC4701D00E77415 /* volume-2.png */; };
		4885C8921FC4701D00E77415 /* volume-2.svg in Resources */ = {isa = PBXBuildFile; fileRef = 4885C8741FC4701D00E77415 /* volume-2.svg */; };
		4885C8931FC4701D00E77415 /* volume-x.png in Resources */ = {isa = PBXBuildFile; fileRef = 4885C8751FC4701D00E77415 /* volume-x.png */; };
		4885C8941FC4701D00E77415 /* volume-x.svg in Resources */ = {isa = PBXBuildFile; fileRef = 4885C8761FC4701D00E77415 /* volume-x.svg */; };
		4885C8951FC4701D00E77415 /* MIGRATION_GUIDE.md in Resources */ = {isa = PBXBuildFile; fileRef = 4885C8771FC4701D00E77415 /* MIGRATION_GUIDE.md */; };
		4885C8961FC4701D00E77415 /* PLAYBACK_CONTROLS.md in Resources */ = {isa = PBXBuildFile; fileRef = 4885C8781FC4701D00E77415 /* PLAYBACK_CONTROLS.md */; };
		4885C8971FC4701D00E77415 /* PUBLISHER_README.md in Resources */ = {isa = PBXBuildFile; fileRef = 4885C8791FC4701D00E77415 /* PUBLISHER_README.md */; };
		4885C8981FC4701D00E77415 /* README.md in Resources */ = {isa = PBXBuildFile; fileRef = 4885C87A1FC4701D00E77415 /* README.md */; };
		4885C8991FC4701D00E77415 /* red5pro-media.css in Resources */ = {isa = PBXBuildFile; fileRef = 4885C87B1FC4701D00E77415 /* red5pro-media.css */; };
		4885C89A1FC4701D00E77415 /* red5pro-publisher.swf in Resources */ = {isa = PBXBuildFile; fileRef = 4885C87C1FC4701D00E77415 /* red5pro-publisher.swf */; };
		4885C89B1FC4701D00E77415 /* red5pro-sdk.min.js in Resources */ = {isa = PBXBuildFile; fileRef = 4885C87D1FC4701D00E77415 /* red5pro-sdk.min.js */; };
		4885C89C1FC4701D00E77415 /* red5pro-subscriber.swf in Resources */ = {isa = PBXBuildFile; fileRef = 4885C87E1FC4701D00E77415 /* red5pro-subscriber.swf */; };
		4885C89D1FC4701D00E77415 /* SHARED_OBJECT_README.md in Resources */ = {isa = PBXBuildFile; fileRef = 4885C87F1FC4701D00E77415 /* SHARED_OBJECT_README.md */; };
		4885C89E1FC4701D00E77415 /* SUBSCRIBER_README.md in Resources */ = {isa = PBXBuildFile; fileRef = 4885C8801FC4701D00E77415 /* SUBSCRIBER_README.md */; };
		4885C89F1FC4701D00E77415 /* screenfull.min.js in Resources */ = {isa = PBXBuildFile; fileRef = 4885C8821FC4701D00E77415 /* screenfull.min.js */; };
		4885C8A01FC4701D00E77415 /* playerProductInstall.swf in Resources */ = {isa = PBXBuildFile; fileRef = 4885C8841FC4701D00E77415 /* playerProductInstall.swf */; };
		4885C8A11FC4701D00E77415 /* swfobject.js in Resources */ = {isa = PBXBuildFile; fileRef = 4885C8851FC4701D00E77415 /* swfobject.js */; };
/* End PBXBuildFile section */

/* Begin PBXContainerItemProxy section */
		4885C8461FC4672D00E77415 /* PBXContainerItemProxy */ = {
			isa = PBXContainerItemProxy;
			containerPortal = 4885C8251FC4672D00E77415 /* Project object */;
			proxyType = 1;
			remoteGlobalIDString = 4885C82C1FC4672D00E77415;
			remoteInfo = Red5ProWebView;
		};
		4885C8511FC4672D00E77415 /* PBXContainerItemProxy */ = {
			isa = PBXContainerItemProxy;
			containerPortal = 4885C8251FC4672D00E77415 /* Project object */;
			proxyType = 1;
			remoteGlobalIDString = 4885C82C1FC4672D00E77415;
			remoteInfo = Red5ProWebView;
		};
/* End PBXContainerItemProxy section */

/* Begin PBXFileReference section */
		4885C82D1FC4672D00E77415 /* Red5ProWebView.app */ = {isa = PBXFileReference; explicitFileType = wrapper.application; includeInIndex = 0; path = Red5ProWebView.app; sourceTree = BUILT_PRODUCTS_DIR; };
		4885C8301FC4672D00E77415 /* AppDelegate.h */ = {isa = PBXFileReference; lastKnownFileType = sourcecode.c.h; path = AppDelegate.h; sourceTree = "<group>"; };
		4885C8311FC4672D00E77415 /* AppDelegate.m */ = {isa = PBXFileReference; lastKnownFileType = sourcecode.c.objc; path = AppDelegate.m; sourceTree = "<group>"; };
		4885C8331FC4672D00E77415 /* ViewController.h */ = {isa = PBXFileReference; lastKnownFileType = sourcecode.c.h; path = ViewController.h; sourceTree = "<group>"; };
		4885C8341FC4672D00E77415 /* ViewController.m */ = {isa = PBXFileReference; lastKnownFileType = sourcecode.c.objc; path = ViewController.m; sourceTree = "<group>"; };
		4885C8371FC4672D00E77415 /* Base */ = {isa = PBXFileReference; lastKnownFileType = file.storyboard; name = Base; path = Base.lproj/Main.storyboard; sourceTree = "<group>"; };
		4885C8391FC4672D00E77415 /* Assets.xcassets */ = {isa = PBXFileReference; lastKnownFileType = folder.assetcatalog; path = Assets.xcassets; sourceTree = "<group>"; };
		4885C83C1FC4672D00E77415 /* Base */ = {isa = PBXFileReference; lastKnownFileType = file.storyboard; name = Base; path = Base.lproj/LaunchScreen.storyboard; sourceTree = "<group>"; };
		4885C83E1FC4672D00E77415 /* Info.plist */ = {isa = PBXFileReference; lastKnownFileType = text.plist.xml; path = Info.plist; sourceTree = "<group>"; };
		4885C83F1FC4672D00E77415 /* main.m */ = {isa = PBXFileReference; lastKnownFileType = sourcecode.c.objc; path = main.m; sourceTree = "<group>"; };
		4885C8451FC4672D00E77415 /* Red5ProWebViewTests.xctest */ = {isa = PBXFileReference; explicitFileType = wrapper.cfbundle; includeInIndex = 0; path = Red5ProWebViewTests.xctest; sourceTree = BUILT_PRODUCTS_DIR; };
		4885C8491FC4672D00E77415 /* Red5ProWebViewTests.m */ = {isa = PBXFileReference; lastKnownFileType = sourcecode.c.objc; path = Red5ProWebViewTests.m; sourceTree = "<group>"; };
		4885C84B1FC4672D00E77415 /* Info.plist */ = {isa = PBXFileReference; lastKnownFileType = text.plist.xml; path = Info.plist; sourceTree = "<group>"; };
		4885C8501FC4672D00E77415 /* Red5ProWebViewUITests.xctest */ = {isa = PBXFileReference; explicitFileType = wrapper.cfbundle; includeInIndex = 0; path = Red5ProWebViewUITests.xctest; sourceTree = BUILT_PRODUCTS_DIR; };
		4885C8541FC4672D00E77415 /* Red5ProWebViewUITests.m */ = {isa = PBXFileReference; lastKnownFileType = sourcecode.c.objc; path = Red5ProWebViewUITests.m; sourceTree = "<group>"; };
		4885C8561FC4672D00E77415 /* Info.plist */ = {isa = PBXFileReference; lastKnownFileType = text.plist.xml; path = Info.plist; sourceTree = "<group>"; };
		4885C8631FC46A7C00E77415 /* WebKit.framework */ = {isa = PBXFileReference; lastKnownFileType = wrapper.framework; name = WebKit.framework; path = System/Library/Frameworks/WebKit.framework; sourceTree = SDKROOT; };
		4885C8651FC4701D00E77415 /* index.html */ = {isa = PBXFileReference; fileEncoding = 4; lastKnownFileType = text.html; path = index.html; sourceTree = "<group>"; };
		4885C8681FC4701D00E77415 /* CHANGES.md */ = {isa = PBXFileReference; fileEncoding = 4; lastKnownFileType = net.daringfireball.markdown; path = CHANGES.md; sourceTree = "<group>"; };
		4885C86A1FC4701D00E77415 /* LICENSE */ = {isa = PBXFileReference; fileEncoding = 4; lastKnownFileType = text; path = LICENSE; sourceTree = "<group>"; };
		4885C86B1FC4701D00E77415 /* maximize.png */ = {isa = PBXFileReference; lastKnownFileType = image.png; path = maximize.png; sourceTree = "<group>"; };
		4885C86C1FC4701D00E77415 /* maximize.svg */ = {isa = PBXFileReference; fileEncoding = 4; lastKnownFileType = text; path = maximize.svg; sourceTree = "<group>"; };
		4885C86D1FC4701D00E77415 /* minimize.png */ = {isa = PBXFileReference; lastKnownFileType = image.png; path = minimize.png; sourceTree = "<group>"; };
		4885C86E1FC4701D00E77415 /* minimize.svg */ = {isa = PBXFileReference; fileEncoding = 4; lastKnownFileType = text; path = minimize.svg; sourceTree = "<group>"; };
		4885C86F1FC4701D00E77415 /* pause.png */ = {isa = PBXFileReference; lastKnownFileType = image.png; path = pause.png; sourceTree = "<group>"; };
		4885C8701FC4701D00E77415 /* pause.svg */ = {isa = PBXFileReference; fileEncoding = 4; lastKnownFileType = text; path = pause.svg; sourceTree = "<group>"; };
		4885C8711FC4701D00E77415 /* play.png */ = {isa = PBXFileReference; lastKnownFileType = image.png; path = play.png; sourceTree = "<group>"; };
		4885C8721FC4701D00E77415 /* play.svg */ = {isa = PBXFileReference; fileEncoding = 4; lastKnownFileType = text; path = play.svg; sourceTree = "<group>"; };
		4885C8731FC4701D00E77415 /* volume-2.png */ = {isa = PBXFileReference; lastKnownFileType = image.png; path = "volume-2.png"; sourceTree = "<group>"; };
		4885C8741FC4701D00E77415 /* volume-2.svg */ = {isa = PBXFileReference; fileEncoding = 4; lastKnownFileType = text; path = "volume-2.svg"; sourceTree = "<group>"; };
		4885C8751FC4701D00E77415 /* volume-x.png */ = {isa = PBXFileReference; lastKnownFileType = image.png; path = "volume-x.png"; sourceTree = "<group>"; };
		4885C8761FC4701D00E77415 /* volume-x.svg */ = {isa = PBXFileReference; fileEncoding = 4; lastKnownFileType = text; path = "volume-x.svg"; sourceTree = "<group>"; };
		4885C8771FC4701D00E77415 /* MIGRATION_GUIDE.md */ = {isa = PBXFileReference; fileEncoding = 4; lastKnownFileType = net.daringfireball.markdown; path = MIGRATION_GUIDE.md; sourceTree = "<group>"; };
		4885C8781FC4701D00E77415 /* PLAYBACK_CONTROLS.md */ = {isa = PBXFileReference; fileEncoding = 4; lastKnownFileType = net.daringfireball.markdown; path = PLAYBACK_CONTROLS.md; sourceTree = "<group>"; };
		4885C8791FC4701D00E77415 /* PUBLISHER_README.md */ = {isa = PBXFileReference; fileEncoding = 4; lastKnownFileType = net.daringfireball.markdown; path = PUBLISHER_README.md; sourceTree = "<group>"; };
		4885C87A1FC4701D00E77415 /* README.md */ = {isa = PBXFileReference; fileEncoding = 4; lastKnownFileType = net.daringfireball.markdown; path = README.md; sourceTree = "<group>"; };
		4885C87B1FC4701D00E77415 /* red5pro-media.css */ = {isa = PBXFileReference; fileEncoding = 4; lastKnownFileType = text.css; path = "red5pro-media.css"; sourceTree = "<group>"; };
		4885C87C1FC4701D00E77415 /* red5pro-publisher.swf */ = {isa = PBXFileReference; lastKnownFileType = file; path = "red5pro-publisher.swf"; sourceTree = "<group>"; };
		4885C87D1FC4701D00E77415 /* red5pro-sdk.min.js */ = {isa = PBXFileReference; fileEncoding = 4; lastKnownFileType = sourcecode.javascript; path = "red5pro-sdk.min.js"; sourceTree = "<group>"; };
		4885C87E1FC4701D00E77415 /* red5pro-subscriber.swf */ = {isa = PBXFileReference; lastKnownFileType = file; path = "red5pro-subscriber.swf"; sourceTree = "<group>"; };
		4885C87F1FC4701D00E77415 /* SHARED_OBJECT_README.md */ = {isa = PBXFileReference; fileEncoding = 4; lastKnownFileType = net.daringfireball.markdown; path = SHARED_OBJECT_README.md; sourceTree = "<group>"; };
		4885C8801FC4701D00E77415 /* SUBSCRIBER_README.md */ = {isa = PBXFileReference; fileEncoding = 4; lastKnownFileType = net.daringfireball.markdown; path = SUBSCRIBER_README.md; sourceTree = "<group>"; };
		4885C8821FC4701D00E77415 /* screenfull.min.js */ = {isa = PBXFileReference; fileEncoding = 4; lastKnownFileType = sourcecode.javascript; path = screenfull.min.js; sourceTree = "<group>"; };
		4885C8841FC4701D00E77415 /* playerProductInstall.swf */ = {isa = PBXFileReference; lastKnownFileType = file; path = playerProductInstall.swf; sourceTree = "<group>"; };
		4885C8851FC4701D00E77415 /* swfobject.js */ = {isa = PBXFileReference; fileEncoding = 4; lastKnownFileType = sourcecode.javascript; path = swfobject.js; sourceTree = "<group>"; };
/* End PBXFileReference section */

/* Begin PBXFrameworksBuildPhase section */
		4885C82A1FC4672D00E77415 /* Frameworks */ = {
			isa = PBXFrameworksBuildPhase;
			buildActionMask = 2147483647;
			files = (
			);
			runOnlyForDeploymentPostprocessing = 0;
		};
		4885C8421FC4672D00E77415 /* Frameworks */ = {
			isa = PBXFrameworksBuildPhase;
			buildActionMask = 2147483647;
			files = (
			);
			runOnlyForDeploymentPostprocessing = 0;
		};
		4885C84D1FC4672D00E77415 /* Frameworks */ = {
			isa = PBXFrameworksBuildPhase;
			buildActionMask = 2147483647;
			files = (
			);
			runOnlyForDeploymentPostprocessing = 0;
		};
/* End PBXFrameworksBuildPhase section */

/* Begin PBXGroup section */
		4885C8241FC4672D00E77415 = {
			isa = PBXGroup;
			children = (
				4885C8641FC46EB800E77415 /* Resources */,
				4885C82F1FC4672D00E77415 /* Red5ProWebView */,
				4885C8481FC4672D00E77415 /* Red5ProWebViewTests */,
				4885C8531FC4672D00E77415 /* Red5ProWebViewUITests */,
				4885C82E1FC4672D00E77415 /* Products */,
				4885C8621FC46A7C00E77415 /* Frameworks */,
			);
			sourceTree = "<group>";
		};
		4885C82E1FC4672D00E77415 /* Products */ = {
			isa = PBXGroup;
			children = (
				4885C82D1FC4672D00E77415 /* Red5ProWebView.app */,
				4885C8451FC4672D00E77415 /* Red5ProWebViewTests.xctest */,
				4885C8501FC4672D00E77415 /* Red5ProWebViewUITests.xctest */,
			);
			name = Products;
			sourceTree = "<group>";
		};
		4885C82F1FC4672D00E77415 /* Red5ProWebView */ = {
			isa = PBXGroup;
			children = (
				4885C8301FC4672D00E77415 /* AppDelegate.h */,
				4885C8311FC4672D00E77415 /* AppDelegate.m */,
				4885C8331FC4672D00E77415 /* ViewController.h */,
				4885C8341FC4672D00E77415 /* ViewController.m */,
				4885C8361FC4672D00E77415 /* Main.storyboard */,
				4885C8391FC4672D00E77415 /* Assets.xcassets */,
				4885C83B1FC4672D00E77415 /* LaunchScreen.storyboard */,
				4885C83E1FC4672D00E77415 /* Info.plist */,
				4885C83F1FC4672D00E77415 /* main.m */,
			);
			path = Red5ProWebView;
			sourceTree = "<group>";
		};
		4885C8481FC4672D00E77415 /* Red5ProWebViewTests */ = {
			isa = PBXGroup;
			children = (
				4885C8491FC4672D00E77415 /* Red5ProWebViewTests.m */,
				4885C84B1FC4672D00E77415 /* Info.plist */,
			);
			path = Red5ProWebViewTests;
			sourceTree = "<group>";
		};
		4885C8531FC4672D00E77415 /* Red5ProWebViewUITests */ = {
			isa = PBXGroup;
			children = (
				4885C8541FC4672D00E77415 /* Red5ProWebViewUITests.m */,
				4885C8561FC4672D00E77415 /* Info.plist */,
			);
			path = Red5ProWebViewUITests;
			sourceTree = "<group>";
		};
		4885C8621FC46A7C00E77415 /* Frameworks */ = {
			isa = PBXGroup;
			children = (
				4885C8631FC46A7C00E77415 /* WebKit.framework */,
			);
			name = Frameworks;
			sourceTree = "<group>";
		};
		4885C8641FC46EB800E77415 /* Resources */ = {
			isa = PBXGroup;
			children = (
				4885C8651FC4701D00E77415 /* index.html */,
				4885C8661FC4701D00E77415 /* lib */,
			);
			path = Resources;
			sourceTree = "<group>";
		};
		4885C8661FC4701D00E77415 /* lib */ = {
			isa = PBXGroup;
			children = (
				4885C8671FC4701D00E77415 /* red5pro */,
				4885C8811FC4701D00E77415 /* screenfull */,
				4885C8831FC4701D00E77415 /* swfobject */,
			);
			path = lib;
			sourceTree = "<group>";
		};
		4885C8671FC4701D00E77415 /* red5pro */ = {
			isa = PBXGroup;
			children = (
				4885C8681FC4701D00E77415 /* CHANGES.md */,
				4885C8691FC4701D00E77415 /* icons */,
				4885C8771FC4701D00E77415 /* MIGRATION_GUIDE.md */,
				4885C8781FC4701D00E77415 /* PLAYBACK_CONTROLS.md */,
				4885C8791FC4701D00E77415 /* PUBLISHER_README.md */,
				4885C87A1FC4701D00E77415 /* README.md */,
				4885C87B1FC4701D00E77415 /* red5pro-media.css */,
				4885C87C1FC4701D00E77415 /* red5pro-publisher.swf */,
				4885C87D1FC4701D00E77415 /* red5pro-sdk.min.js */,
				4885C87E1FC4701D00E77415 /* red5pro-subscriber.swf */,
				4885C87F1FC4701D00E77415 /* SHARED_OBJECT_README.md */,
				4885C8801FC4701D00E77415 /* SUBSCRIBER_README.md */,
			);
			path = red5pro;
			sourceTree = "<group>";
		};
		4885C8691FC4701D00E77415 /* icons */ = {
			isa = PBXGroup;
			children = (
				4885C86A1FC4701D00E77415 /* LICENSE */,
				4885C86B1FC4701D00E77415 /* maximize.png */,
				4885C86C1FC4701D00E77415 /* maximize.svg */,
				4885C86D1FC4701D00E77415 /* minimize.png */,
				4885C86E1FC4701D00E77415 /* minimize.svg */,
				4885C86F1FC4701D00E77415 /* pause.png */,
				4885C8701FC4701D00E77415 /* pause.svg */,
				4885C8711FC4701D00E77415 /* play.png */,
				4885C8721FC4701D00E77415 /* play.svg */,
				4885C8731FC4701D00E77415 /* volume-2.png */,
				4885C8741FC4701D00E77415 /* volume-2.svg */,
				4885C8751FC4701D00E77415 /* volume-x.png */,
				4885C8761FC4701D00E77415 /* volume-x.svg */,
			);
			path = icons;
			sourceTree = "<group>";
		};
		4885C8811FC4701D00E77415 /* screenfull */ = {
			isa = PBXGroup;
			children = (
				4885C8821FC4701D00E77415 /* screenfull.min.js */,
			);
			path = screenfull;
			sourceTree = "<group>";
		};
		4885C8831FC4701D00E77415 /* swfobject */ = {
			isa = PBXGroup;
			children = (
				4885C8841FC4701D00E77415 /* playerProductInstall.swf */,
				4885C8851FC4701D00E77415 /* swfobject.js */,
			);
			path = swfobject;
			sourceTree = "<group>";
		};
/* End PBXGroup section */

/* Begin PBXNativeTarget section */
		4885C82C1FC4672D00E77415 /* Red5ProWebView */ = {
			isa = PBXNativeTarget;
			buildConfigurationList = 4885C8591FC4672D00E77415 /* Build configuration list for PBXNativeTarget "Red5ProWebView" */;
			buildPhases = (
				4885C8291FC4672D00E77415 /* Sources */,
				4885C82A1FC4672D00E77415 /* Frameworks */,
				4885C82B1FC4672D00E77415 /* Resources */,
			);
			buildRules = (
			);
			dependencies = (
			);
			name = Red5ProWebView;
			productName = Red5ProWebView;
			productReference = 4885C82D1FC4672D00E77415 /* Red5ProWebView.app */;
			productType = "com.apple.product-type.application";
		};
		4885C8441FC4672D00E77415 /* Red5ProWebViewTests */ = {
			isa = PBXNativeTarget;
			buildConfigurationList = 4885C85C1FC4672D00E77415 /* Build configuration list for PBXNativeTarget "Red5ProWebViewTests" */;
			buildPhases = (
				4885C8411FC4672D00E77415 /* Sources */,
				4885C8421FC4672D00E77415 /* Frameworks */,
				4885C8431FC4672D00E77415 /* Resources */,
			);
			buildRules = (
			);
			dependencies = (
				4885C8471FC4672D00E77415 /* PBXTargetDependency */,
			);
			name = Red5ProWebViewTests;
			productName = Red5ProWebViewTests;
			productReference = 4885C8451FC4672D00E77415 /* Red5ProWebViewTests.xctest */;
			productType = "com.apple.product-type.bundle.unit-test";
		};
		4885C84F1FC4672D00E77415 /* Red5ProWebViewUITests */ = {
			isa = PBXNativeTarget;
			buildConfigurationList = 4885C85F1FC4672D00E77415 /* Build configuration list for PBXNativeTarget "Red5ProWebViewUITests" */;
			buildPhases = (
				4885C84C1FC4672D00E77415 /* Sources */,
				4885C84D1FC4672D00E77415 /* Frameworks */,
				4885C84E1FC4672D00E77415 /* Resources */,
			);
			buildRules = (
			);
			dependencies = (
				4885C8521FC4672D00E77415 /* PBXTargetDependency */,
			);
			name = Red5ProWebViewUITests;
			productName = Red5ProWebViewUITests;
			productReference = 4885C8501FC4672D00E77415 /* Red5ProWebViewUITests.xctest */;
			productType = "com.apple.product-type.bundle.ui-testing";
		};
/* End PBXNativeTarget section */

/* Begin PBXProject section */
		4885C8251FC4672D00E77415 /* Project object */ = {
			isa = PBXProject;
			attributes = {
				LastUpgradeCheck = 0910;
				ORGANIZATIONNAME = Red5Pro;
				TargetAttributes = {
					4885C82C1FC4672D00E77415 = {
						CreatedOnToolsVersion = 9.1;
						ProvisioningStyle = Automatic;
					};
					4885C8441FC4672D00E77415 = {
						CreatedOnToolsVersion = 9.1;
						ProvisioningStyle = Automatic;
						TestTargetID = 4885C82C1FC4672D00E77415;
					};
					4885C84F1FC4672D00E77415 = {
						CreatedOnToolsVersion = 9.1;
						ProvisioningStyle = Automatic;
						TestTargetID = 4885C82C1FC4672D00E77415;
					};
				};
			};
			buildConfigurationList = 4885C8281FC4672D00E77415 /* Build configuration list for PBXProject "Red5ProWebView" */;
			compatibilityVersion = "Xcode 8.0";
			developmentRegion = en;
			hasScannedForEncodings = 0;
			knownRegions = (
				en,
				Base,
			);
			mainGroup = 4885C8241FC4672D00E77415;
			productRefGroup = 4885C82E1FC4672D00E77415 /* Products */;
			projectDirPath = "";
			projectRoot = "";
			targets = (
				4885C82C1FC4672D00E77415 /* Red5ProWebView */,
				4885C8441FC4672D00E77415 /* Red5ProWebViewTests */,
				4885C84F1FC4672D00E77415 /* Red5ProWebViewUITests */,
			);
		};
/* End PBXProject section */

/* Begin PBXResourcesBuildPhase section */
		4885C82B1FC4672D00E77415 /* Resources */ = {
			isa = PBXResourcesBuildPhase;
			buildActionMask = 2147483647;
			files = (
				4885C8881FC4701D00E77415 /* LICENSE in Resources */,
				4885C8951FC4701D00E77415 /* MIGRATION_GUIDE.md in Resources */,
				4885C8921FC4701D00E77415 /* volume-2.svg in Resources */,
				4885C83D1FC4672D00E77415 /* LaunchScreen.storyboard in Resources */,
				4885C89C1FC4701D00E77415 /* red5pro-subscriber.swf in Resources */,
				4885C89D1FC4701D00E77415 /* SHARED_OBJECT_README.md in Resources */,
				4885C8861FC4701D00E77415 /* index.html in Resources */,
				4885C83A1FC4672D00E77415 /* Assets.xcassets in Resources */,
				4885C89E1FC4701D00E77415 /* SUBSCRIBER_README.md in Resources */,
				4885C89F1FC4701D00E77415 /* screenfull.min.js in Resources */,
				4885C8911FC4701D00E77415 /* volume-2.png in Resources */,
				4885C88D1FC4701D00E77415 /* pause.png in Resources */,
				4885C88E1FC4701D00E77415 /* pause.svg in Resources */,
				4885C8961FC4701D00E77415 /* PLAYBACK_CONTROLS.md in Resources */,
				4885C8991FC4701D00E77415 /* red5pro-media.css in Resources */,
				4885C89B1FC4701D00E77415 /* red5pro-sdk.min.js in Resources */,
				4885C88B1FC4701D00E77415 /* minimize.png in Resources */,
				4885C8A01FC4701D00E77415 /* playerProductInstall.swf in Resources */,
				4885C8381FC4672D00E77415 /* Main.storyboard in Resources */,
				4885C8901FC4701D00E77415 /* play.svg in Resources */,
				4885C88C1FC4701D00E77415 /* minimize.svg in Resources */,
				4885C8A11FC4701D00E77415 /* swfobject.js in Resources */,
				4885C8931FC4701D00E77415 /* volume-x.png in Resources */,
				4885C8871FC4701D00E77415 /* CHANGES.md in Resources */,
				4885C88A1FC4701D00E77415 /* maximize.svg in Resources */,
				4885C8941FC4701D00E77415 /* volume-x.svg in Resources */,
				4885C8971FC4701D00E77415 /* PUBLISHER_README.md in Resources */,
				4885C88F1FC4701D00E77415 /* play.png in Resources */,
				4885C8981FC4701D00E77415 /* README.md in Resources */,
				4885C8891FC4701D00E77415 /* maximize.png in Resources */,
				4885C89A1FC4701D00E77415 /* red5pro-publisher.swf in Resources */,
			);
			runOnlyForDeploymentPostprocessing = 0;
		};
		4885C8431FC4672D00E77415 /* Resources */ = {
			isa = PBXResourcesBuildPhase;
			buildActionMask = 2147483647;
			files = (
			);
			runOnlyForDeploymentPostprocessing = 0;
		};
		4885C84E1FC4672D00E77415 /* Resources */ = {
			isa = PBXResourcesBuildPhase;
			buildActionMask = 2147483647;
			files = (
			);
			runOnlyForDeploymentPostprocessing = 0;
		};
/* End PBXResourcesBuildPhase section */

/* Begin PBXSourcesBuildPhase section */
		4885C8291FC4672D00E77415 /* Sources */ = {
			isa = PBXSourcesBuildPhase;
			buildActionMask = 2147483647;
			files = (
				4885C8351FC4672D00E77415 /* ViewController.m in Sources */,
				4885C8401FC4672D00E77415 /* main.m in Sources */,
				4885C8321FC4672D00E77415 /* AppDelegate.m in Sources */,
			);
			runOnlyForDeploymentPostprocessing = 0;
		};
		4885C8411FC4672D00E77415 /* Sources */ = {
			isa = PBXSourcesBuildPhase;
			buildActionMask = 2147483647;
			files = (
				4885C84A1FC4672D00E77415 /* Red5ProWebViewTests.m in Sources */,
			);
			runOnlyForDeploymentPostprocessing = 0;
		};
		4885C84C1FC4672D00E77415 /* Sources */ = {
			isa = PBXSourcesBuildPhase;
			buildActionMask = 2147483647;
			files = (
				4885C8551FC4672D00E77415 /* Red5ProWebViewUITests.m in Sources */,
			);
			runOnlyForDeploymentPostprocessing = 0;
		};
/* End PBXSourcesBuildPhase section */

/* Begin PBXTargetDependency section */
		4885C8471FC4672D00E77415 /* PBXTargetDependency */ = {
			isa = PBXTargetDependency;
			target = 4885C82C1FC4672D00E77415 /* Red5ProWebView */;
			targetProxy = 4885C8461FC4672D00E77415 /* PBXContainerItemProxy */;
		};
		4885C8521FC4672D00E77415 /* PBXTargetDependency */ = {
			isa = PBXTargetDependency;
			target = 4885C82C1FC4672D00E77415 /* Red5ProWebView */;
			targetProxy = 4885C8511FC4672D00E77415 /* PBXContainerItemProxy */;
		};
/* End PBXTargetDependency section */

/* Begin PBXVariantGroup section */
		4885C8361FC4672D00E77415 /* Main.storyboard */ = {
			isa = PBXVariantGroup;
			children = (
				4885C8371FC4672D00E77415 /* Base */,
			);
			name = Main.storyboard;
			sourceTree = "<group>";
		};
		4885C83B1FC4672D00E77415 /* LaunchScreen.storyboard */ = {
			isa = PBXVariantGroup;
			children = (
				4885C83C1FC4672D00E77415 /* Base */,
			);
			name = LaunchScreen.storyboard;
			sourceTree = "<group>";
		};
/* End PBXVariantGroup section */

/* Begin XCBuildConfiguration section */
		4885C8571FC4672D00E77415 /* Debug */ = {
			isa = XCBuildConfiguration;
			buildSettings = {
				ALWAYS_SEARCH_USER_PATHS = NO;
				CLANG_ANALYZER_NONNULL = YES;
				CLANG_ANALYZER_NUMBER_OBJECT_CONVERSION = YES_AGGRESSIVE;
				CLANG_CXX_LANGUAGE_STANDARD = "gnu++14";
				CLANG_CXX_LIBRARY = "libc++";
				CLANG_ENABLE_MODULES = YES;
				CLANG_ENABLE_OBJC_ARC = YES;
				CLANG_WARN_BLOCK_CAPTURE_AUTORELEASING = YES;
				CLANG_WARN_BOOL_CONVERSION = YES;
				CLANG_WARN_COMMA = YES;
				CLANG_WARN_CONSTANT_CONVERSION = YES;
				CLANG_WARN_DIRECT_OBJC_ISA_USAGE = YES_ERROR;
				CLANG_WARN_DOCUMENTATION_COMMENTS = YES;
				CLANG_WARN_EMPTY_BODY = YES;
				CLANG_WARN_ENUM_CONVERSION = YES;
				CLANG_WARN_INFINITE_RECURSION = YES;
				CLANG_WARN_INT_CONVERSION = YES;
				CLANG_WARN_NON_LITERAL_NULL_CONVERSION = YES;
				CLANG_WARN_OBJC_LITERAL_CONVERSION = YES;
				CLANG_WARN_OBJC_ROOT_CLASS = YES_ERROR;
				CLANG_WARN_RANGE_LOOP_ANALYSIS = YES;
				CLANG_WARN_STRICT_PROTOTYPES = YES;
				CLANG_WARN_SUSPICIOUS_MOVE = YES;
				CLANG_WARN_UNGUARDED_AVAILABILITY = YES_AGGRESSIVE;
				CLANG_WARN_UNREACHABLE_CODE = YES;
				CLANG_WARN__DUPLICATE_METHOD_MATCH = YES;
				CODE_SIGN_IDENTITY = "iPhone Developer";
				COPY_PHASE_STRIP = NO;
				DEBUG_INFORMATION_FORMAT = dwarf;
				ENABLE_STRICT_OBJC_MSGSEND = YES;
				ENABLE_TESTABILITY = YES;
				GCC_C_LANGUAGE_STANDARD = gnu11;
				GCC_DYNAMIC_NO_PIC = NO;
				GCC_NO_COMMON_BLOCKS = YES;
				GCC_OPTIMIZATION_LEVEL = 0;
				GCC_PREPROCESSOR_DEFINITIONS = (
					"DEBUG=1",
					"$(inherited)",
				);
				GCC_WARN_64_TO_32_BIT_CONVERSION = YES;
				GCC_WARN_ABOUT_RETURN_TYPE = YES_ERROR;
				GCC_WARN_UNDECLARED_SELECTOR = YES;
				GCC_WARN_UNINITIALIZED_AUTOS = YES_AGGRESSIVE;
				GCC_WARN_UNUSED_FUNCTION = YES;
				GCC_WARN_UNUSED_VARIABLE = YES;
				IPHONEOS_DEPLOYMENT_TARGET = 11.1;
				MTL_ENABLE_DEBUG_INFO = YES;
				ONLY_ACTIVE_ARCH = YES;
				SDKROOT = iphoneos;
			};
			name = Debug;
		};
		4885C8581FC4672D00E77415 /* Release */ = {
			isa = XCBuildConfiguration;
			buildSettings = {
				ALWAYS_SEARCH_USER_PATHS = NO;
				CLANG_ANALYZER_NONNULL = YES;
				CLANG_ANALYZER_NUMBER_OBJECT_CONVERSION = YES_AGGRESSIVE;
				CLANG_CXX_LANGUAGE_STANDARD = "gnu++14";
				CLANG_CXX_LIBRARY = "libc++";
				CLANG_ENABLE_MODULES = YES;
				CLANG_ENABLE_OBJC_ARC = YES;
				CLANG_WARN_BLOCK_CAPTURE_AUTORELEASING = YES;
				CLANG_WARN_BOOL_CONVERSION = YES;
				CLANG_WARN_COMMA = YES;
				CLANG_WARN_CONSTANT_CONVERSION = YES;
				CLANG_WARN_DIRECT_OBJC_ISA_USAGE = YES_ERROR;
				CLANG_WARN_DOCUMENTATION_COMMENTS = YES;
				CLANG_WARN_EMPTY_BODY = YES;
				CLANG_WARN_ENUM_CONVERSION = YES;
				CLANG_WARN_INFINITE_RECURSION = YES;
				CLANG_WARN_INT_CONVERSION = YES;
				CLANG_WARN_NON_LITERAL_NULL_CONVERSION = YES;
				CLANG_WARN_OBJC_LITERAL_CONVERSION = YES;
				CLANG_WARN_OBJC_ROOT_CLASS = YES_ERROR;
				CLANG_WARN_RANGE_LOOP_ANALYSIS = YES;
				CLANG_WARN_STRICT_PROTOTYPES = YES;
				CLANG_WARN_SUSPICIOUS_MOVE = YES;
				CLANG_WARN_UNGUARDED_AVAILABILITY = YES_AGGRESSIVE;
				CLANG_WARN_UNREACHABLE_CODE = YES;
				CLANG_WARN__DUPLICATE_METHOD_MATCH = YES;
				CODE_SIGN_IDENTITY = "iPhone Developer";
				COPY_PHASE_STRIP = NO;
				DEBUG_INFORMATION_FORMAT = "dwarf-with-dsym";
				ENABLE_NS_ASSERTIONS = NO;
				ENABLE_STRICT_OBJC_MSGSEND = YES;
				GCC_C_LANGUAGE_STANDARD = gnu11;
				GCC_NO_COMMON_BLOCKS = YES;
				GCC_WARN_64_TO_32_BIT_CONVERSION = YES;
				GCC_WARN_ABOUT_RETURN_TYPE = YES_ERROR;
				GCC_WARN_UNDECLARED_SELECTOR = YES;
				GCC_WARN_UNINITIALIZED_AUTOS = YES_AGGRESSIVE;
				GCC_WARN_UNUSED_FUNCTION = YES;
				GCC_WARN_UNUSED_VARIABLE = YES;
				IPHONEOS_DEPLOYMENT_TARGET = 11.1;
				MTL_ENABLE_DEBUG_INFO = NO;
				SDKROOT = iphoneos;
				VALIDATE_PRODUCT = YES;
			};
			name = Release;
		};
		4885C85A1FC4672D00E77415 /* Debug */ = {
			isa = XCBuildConfiguration;
			buildSettings = {
				ASSETCATALOG_COMPILER_APPICON_NAME = AppIcon;
				CODE_SIGN_STYLE = Automatic;
				DEVELOPMENT_TEAM = E964K44BWW;
				INFOPLIST_FILE = Red5ProWebView/Info.plist;
				LD_RUNPATH_SEARCH_PATHS = "$(inherited) @executable_path/Frameworks";
				PRODUCT_BUNDLE_IDENTIFIER = com.red5pro.Red5ProWebView;
				PRODUCT_NAME = "$(TARGET_NAME)";
				TARGETED_DEVICE_FAMILY = "1,2";
			};
			name = Debug;
		};
		4885C85B1FC4672D00E77415 /* Release */ = {
			isa = XCBuildConfiguration;
			buildSettings = {
				ASSETCATALOG_COMPILER_APPICON_NAME = AppIcon;
				CODE_SIGN_STYLE = Automatic;
				DEVELOPMENT_TEAM = E964K44BWW;
				INFOPLIST_FILE = Red5ProWebView/Info.plist;
				LD_RUNPATH_SEARCH_PATHS = "$(inherited) @executable_path/Frameworks";
				PRODUCT_BUNDLE_IDENTIFIER = com.red5pro.Red5ProWebView;
				PRODUCT_NAME = "$(TARGET_NAME)";
				TARGETED_DEVICE_FAMILY = "1,2";
			};
			name = Release;
		};
		4885C85D1FC4672D00E77415 /* Debug */ = {
			isa = XCBuildConfiguration;
			buildSettings = {
				BUNDLE_LOADER = "$(TEST_HOST)";
				CODE_SIGN_STYLE = Automatic;
				DEVELOPMENT_TEAM = E964K44BWW;
				INFOPLIST_FILE = Red5ProWebViewTests/Info.plist;
				LD_RUNPATH_SEARCH_PATHS = "$(inherited) @executable_path/Frameworks @loader_path/Frameworks";
				PRODUCT_BUNDLE_IDENTIFIER = com.red5pro.Red5ProWebViewTests;
				PRODUCT_NAME = "$(TARGET_NAME)";
				TARGETED_DEVICE_FAMILY = "1,2";
				TEST_HOST = "$(BUILT_PRODUCTS_DIR)/Red5ProWebView.app/Red5ProWebView";
			};
			name = Debug;
		};
		4885C85E1FC4672D00E77415 /* Release */ = {
			isa = XCBuildConfiguration;
			buildSettings = {
				BUNDLE_LOADER = "$(TEST_HOST)";
				CODE_SIGN_STYLE = Automatic;
				DEVELOPMENT_TEAM = E964K44BWW;
				INFOPLIST_FILE = Red5ProWebViewTests/Info.plist;
				LD_RUNPATH_SEARCH_PATHS = "$(inherited) @executable_path/Frameworks @loader_path/Frameworks";
				PRODUCT_BUNDLE_IDENTIFIER = com.red5pro.Red5ProWebViewTests;
				PRODUCT_NAME = "$(TARGET_NAME)";
				TARGETED_DEVICE_FAMILY = "1,2";
				TEST_HOST = "$(BUILT_PRODUCTS_DIR)/Red5ProWebView.app/Red5ProWebView";
			};
			name = Release;
		};
		4885C8601FC4672D00E77415 /* Debug */ = {
			isa = XCBuildConfiguration;
			buildSettings = {
				CODE_SIGN_STYLE = Automatic;
				DEVELOPMENT_TEAM = E964K44BWW;
				INFOPLIST_FILE = Red5ProWebViewUITests/Info.plist;
				LD_RUNPATH_SEARCH_PATHS = "$(inherited) @executable_path/Frameworks @loader_path/Frameworks";
				PRODUCT_BUNDLE_IDENTIFIER = com.red5pro.Red5ProWebViewUITests;
				PRODUCT_NAME = "$(TARGET_NAME)";
				TARGETED_DEVICE_FAMILY = "1,2";
				TEST_TARGET_NAME = Red5ProWebView;
			};
			name = Debug;
		};
		4885C8611FC4672D00E77415 /* Release */ = {
			isa = XCBuildConfiguration;
			buildSettings = {
				CODE_SIGN_STYLE = Automatic;
				DEVELOPMENT_TEAM = E964K44BWW;
				INFOPLIST_FILE = Red5ProWebViewUITests/Info.plist;
				LD_RUNPATH_SEARCH_PATHS = "$(inherited) @executable_path/Frameworks @loader_path/Frameworks";
				PRODUCT_BUNDLE_IDENTIFIER = com.red5pro.Red5ProWebViewUITests;
				PRODUCT_NAME = "$(TARGET_NAME)";
				TARGETED_DEVICE_FAMILY = "1,2";
				TEST_TARGET_NAME = Red5ProWebView;
			};
			name = Release;
		};
/* End XCBuildConfiguration section */

/* Begin XCConfigurationList section */
		4885C8281FC4672D00E77415 /* Build configuration list for PBXProject "Red5ProWebView" */ = {
			isa = XCConfigurationList;
			buildConfigurations = (
				4885C8571FC4672D00E77415 /* Debug */,
				4885C8581FC4672D00E77415 /* Release */,
			);
			defaultConfigurationIsVisible = 0;
			defaultConfigurationName = Release;
		};
		4885C8591FC4672D00E77415 /* Build configuration list for PBXNativeTarget "Red5ProWebView" */ = {
			isa = XCConfigurationList;
			buildConfigurations = (
				4885C85A1FC4672D00E77415 /* Debug */,
				4885C85B1FC4672D00E77415 /* Release */,
			);
			defaultConfigurationIsVisible = 0;
			defaultConfigurationName = Release;
		};
		4885C85C1FC4672D00E77415 /* Build configuration list for PBXNativeTarget "Red5ProWebViewTests" */ = {
			isa = XCConfigurationList;
			buildConfigurations = (
				4885C85D1FC4672D00E77415 /* Debug */,
				4885C85E1FC4672D00E77415 /* Release */,
			);
			defaultConfigurationIsVisible = 0;
			defaultConfigurationName = Release;
		};
		4885C85F1FC4672D00E77415 /* Build configuration list for PBXNativeTarget "Red5ProWebViewUITests" */ = {
			isa = XCConfigurationList;
			buildConfigurations = (
				4885C8601FC4672D00E77415 /* Debug */,
				4885C8611FC4672D00E77415 /* Release */,
			);
			defaultConfigurationIsVisible = 0;
			defaultConfigurationName = Release;
		};
/* End XCConfigurationList section */
	};
	rootObject = 4885C8251FC4672D00E77415 /* Project object */;
}
